github.com/julienschmidt/httprouter v1.3.0 h1:U0609e9tgbseu3rBINet9P48AI/D3oJs4dN7jwJOQ1U=
github.com/julienschmidt/httprouter v1.3.0/go.mod h1:JR6WtHb+2LUe8TCKY3cZOxFyyO8IZAc4RVcycCCAKdM=
github.com/lib/pq v1.10.9 h1:YXG7RB+JIjhP29X+OtkiDnYaXQwpS4JEWq7dtCCRUEw=
github.com/lib/pq v1.10.9/go.mod h1:AlVN5x4E4T544tWzH6hKfbfQvm3HdbOxrmggDNAPY9o=
github.com/minhnghia2k3/go_helpers v0.1.0 h1:bqywwke0bjzDD73ZUcepI6z4rzSc8DZ6JNMYHzic6wg=
github.com/minhnghia2k3/go_helpers v0.1.0/go.mod h1:ONbE5mG7xBt+OZ2UOrN0IuZ/+J+ZU0rRIbH6yY7WoeY=
